// !$*UTF8*$!
{
	archiveVersion = 1;
	classes = {
	};
	objectVersion = 55;
	objects = {

/* Begin PBXBuildFile section */
		F368971A2840B5C000630B45 /* WelcomeViewController.swift in Sources */ = {isa = PBXBuildFile; fileRef = F36897192840B5C000630B45 /* WelcomeViewController.swift */; };
		F368971C2840B8F400630B45 /* Model.swift in Sources */ = {isa = PBXBuildFile; fileRef = F368971B2840B8F400630B45 /* Model.swift */; };
		F37550B7283F90B00098F5A5 /* AppDelegate.swift in Sources */ = {isa = PBXBuildFile; fileRef = F37550B6283F90B00098F5A5 /* AppDelegate.swift */; };
		F37550B9283F90B00098F5A5 /* SceneDelegate.swift in Sources */ = {isa = PBXBuildFile; fileRef = F37550B8283F90B00098F5A5 /* SceneDelegate.swift */; };
		F37550BB283F90B00098F5A5 /* LoginViewController.swift in Sources */ = {isa = PBXBuildFile; fileRef = F37550BA283F90B00098F5A5 /* LoginViewController.swift */; };
		F37550BE283F90B00098F5A5 /* Main.storyboard in Resources */ = {isa = PBXBuildFile; fileRef = F37550BC283F90B00098F5A5 /* Main.storyboard */; };
		F37550C0283F90B00098F5A5 /* Assets.xcassets in Resources */ = {isa = PBXBuildFile; fileRef = F37550BF283F90B00098F5A5 /* Assets.xcassets */; };
		F37550C3283F90B00098F5A5 /* LaunchScreen.storyboard in Resources */ = {isa = PBXBuildFile; fileRef = F37550C1283F90B00098F5A5 /* LaunchScreen.storyboard */; };
		F3A86693284602C20071F349 /* AboutMeViewController.swift in Sources */ = {isa = PBXBuildFile; fileRef = F3A86692284602C20071F349 /* AboutMeViewController.swift */; };
/* End PBXBuildFile section */

/* Begin PBXFileReference section */
		F36897192840B5C000630B45 /* WelcomeViewController.swift */ = {isa = PBXFileReference; lastKnownFileType = sourcecode.swift; path = WelcomeViewController.swift; sourceTree = "<group>"; };
		F368971B2840B8F400630B45 /* Model.swift */ = {isa = PBXFileReference; lastKnownFileType = sourcecode.swift; path = Model.swift; sourceTree = "<group>"; };
		F37550B3283F90B00098F5A5 /* AccessApp.app */ = {isa = PBXFileReference; explicitFileType = wrapper.application; includeInIndex = 0; path = AccessApp.app; sourceTree = BUILT_PRODUCTS_DIR; };
		F37550B6283F90B00098F5A5 /* AppDelegate.swift */ = {isa = PBXFileReference; lastKnownFileType = sourcecode.swift; path = AppDelegate.swift; sourceTree = "<group>"; };
		F37550B8283F90B00098F5A5 /* SceneDelegate.swift */ = {isa = PBXFileReference; lastKnownFileType = sourcecode.swift; path = SceneDelegate.swift; sourceTree = "<group>"; };
		F37550BA283F90B00098F5A5 /* LoginViewController.swift */ = {isa = PBXFileReference; lastKnownFileType = sourcecode.swift; path = LoginViewController.swift; sourceTree = "<group>"; };
		F37550BD283F90B00098F5A5 /* Base */ = {isa = PBXFileReference; lastKnownFileType = file.storyboard; name = Base; path = Base.lproj/Main.storyboard; sourceTree = "<group>"; };
		F37550BF283F90B00098F5A5 /* Assets.xcassets */ = {isa = PBXFileReference; lastKnownFileType = folder.assetcatalog; path = Assets.xcassets; sourceTree = "<group>"; };
		F37550C2283F90B00098F5A5 /* Base */ = {isa = PBXFileReference; lastKnownFileType = file.storyboard; name = Base; path = Base.lproj/LaunchScreen.storyboard; sourceTree = "<group>"; };
		F37550C4283F90B00098F5A5 /* Info.plist */ = {isa = PBXFileReference; lastKnownFileType = text.plist.xml; path = Info.plist; sourceTree = "<group>"; };
		F3A86692284602C20071F349 /* AboutMeViewController.swift */ = {isa = PBXFileReference; lastKnownFileType = sourcecode.swift; path = AboutMeViewController.swift; sourceTree = "<group>"; };
/* End PBXFileReference section */

/* Begin PBXFrameworksBuildPhase section */
		F37550B0283F90B00098F5A5 /* Frameworks */ = {
			isa = PBXFrameworksBuildPhase;
			buildActionMask = 2147483647;
			files = (
			);
			runOnlyForDeploymentPostprocessing = 0;
		};
/* End PBXFrameworksBuildPhase section */

/* Begin PBXGroup section */
		F368971D28422AEB00630B45 /* App */ = {
			isa = PBXGroup;
			children = (
				F37550B6283F90B00098F5A5 /* AppDelegate.swift */,
				F37550B8283F90B00098F5A5 /* SceneDelegate.swift */,
			);
			path = App;
			sourceTree = "<group>";
		};
		F368971E28422AFF00630B45 /* Scenes */ = {
			isa = PBXGroup;
			children = (
				F37550BA283F90B00098F5A5 /* LoginViewController.swift */,
				F36897192840B5C000630B45 /* WelcomeViewController.swift */,
				F3A86692284602C20071F349 /* AboutMeViewController.swift */,
			);
			path = Scenes;
			sourceTree = "<group>";
		};
		F368971F28422B0500630B45 /* Model */ = {
			isa = PBXGroup;
			children = (
				F368971B2840B8F400630B45 /* Model.swift */,
			);
			path = Model;
			sourceTree = "<group>";
		};
		F368972028422B1300630B45 /* Sources */ = {
			isa = PBXGroup;
			children = (
				F368971D28422AEB00630B45 /* App */,
				F368971E28422AFF00630B45 /* Scenes */,
				F368971F28422B0500630B45 /* Model */,
			);
			path = Sources;
			sourceTree = "<group>";
		};
		F368972128422B4400630B45 /* Resources */ = {
			isa = PBXGroup;
			children = (
				F368972228422B5100630B45 /* Storyboard */,
				F37550BF283F90B00098F5A5 /* Assets.xcassets */,
				F37550C4283F90B00098F5A5 /* Info.plist */,
			);
			path = Resources;
			sourceTree = "<group>";
		};
		F368972228422B5100630B45 /* Storyboard */ = {
			isa = PBXGroup;
			children = (
				F37550BC283F90B00098F5A5 /* Main.storyboard */,
				F37550C1283F90B00098F5A5 /* LaunchScreen.storyboard */,
			);
			path = Storyboard;
			sourceTree = "<group>";
		};
		F37550AA283F90AF0098F5A5 = {
			isa = PBXGroup;
			children = (
				F37550B5283F90B00098F5A5 /* AccessApp */,
				F37550B4283F90B00098F5A5 /* Products */,
			);
			sourceTree = "<group>";
		};
		F37550B4283F90B00098F5A5 /* Products */ = {
			isa = PBXGroup;
			children = (
				F37550B3283F90B00098F5A5 /* AccessApp.app */,
			);
			name = Products;
			sourceTree = "<group>";
		};
		F37550B5283F90B00098F5A5 /* AccessApp */ = {
			isa = PBXGroup;
			children = (
				F368972028422B1300630B45 /* Sources */,
				F368972128422B4400630B45 /* Resources */,
			);
			path = AccessApp;
			sourceTree = "<group>";
		};
/* End PBXGroup section */

/* Begin PBXNativeTarget section */
		F37550B2283F90B00098F5A5 /* AccessApp */ = {
			isa = PBXNativeTarget;
			buildConfigurationList = F37550C7283F90B00098F5A5 /* Build configuration list for PBXNativeTarget "AccessApp" */;
			buildPhases = (
				F37550AF283F90B00098F5A5 /* Sources */,
				F37550B0283F90B00098F5A5 /* Frameworks */,
				F37550B1283F90B00098F5A5 /* Resources */,
			);
			buildRules = (
			);
			dependencies = (
			);
			name = AccessApp;
			productName = AccessApp;
			productReference = F37550B3283F90B00098F5A5 /* AccessApp.app */;
			productType = "com.apple.product-type.application";
		};
/* End PBXNativeTarget section */

/* Begin PBXProject section */
		F37550AB283F90AF0098F5A5 /* Project object */ = {
			isa = PBXProject;
			attributes = {
				BuildIndependentTargetsInParallel = 1;
				LastSwiftUpdateCheck = 1340;
				LastUpgradeCheck = 1340;
				TargetAttributes = {
					F37550B2283F90B00098F5A5 = {
						CreatedOnToolsVersion = 13.4;
					};
				};
			};
			buildConfigurationList = F37550AE283F90AF0098F5A5 /* Build configuration list for PBXProject "AccessApp" */;
			compatibilityVersion = "Xcode 13.0";
			developmentRegion = en;
			hasScannedForEncodings = 0;
			knownRegions = (
				en,
				Base,
			);
			mainGroup = F37550AA283F90AF0098F5A5;
			productRefGroup = F37550B4283F90B00098F5A5 /* Products */;
			projectDirPath = "";
			projectRoot = "";
			targets = (
				F37550B2283F90B00098F5A5 /* AccessApp */,
			);
		};
/* End PBXProject section */

/* Begin PBXResourcesBuildPhase section */
		F37550B1283F90B00098F5A5 /* Resources */ = {
			isa = PBXResourcesBuildPhase;
			buildActionMask = 2147483647;
			files = (
				F37550C3283F90B00098F5A5 /* LaunchScreen.storyboard in Resources */,
				F37550C0283F90B00098F5A5 /* Assets.xcassets in Resources */,
				F37550BE283F90B00098F5A5 /* Main.storyboard in Resources */,
			);
			runOnlyForDeploymentPostprocessing = 0;
		};
/* End PBXResourcesBuildPhase section */

/* Begin PBXSourcesBuildPhase section */
		F37550AF283F90B00098F5A5 /* Sources */ = {
			isa = PBXSourcesBuildPhase;
			buildActionMask = 2147483647;
			files = (
				F368971C2840B8F400630B45 /* Model.swift in Sources */,
				F37550BB283F90B00098F5A5 /* LoginViewController.swift in Sources */,
				F37550B7283F90B00098F5A5 /* AppDelegate.swift in Sources */,
				F37550B9283F90B00098F5A5 /* SceneDelegate.swift in Sources */,
				F3A86693284602C20071F349 /* AboutMeViewController.swift in Sources */,
				F368971A2840B5C000630B45 /* WelcomeViewController.swift in Sources */,
			);
			runOnlyForDeploymentPostprocessing = 0;
		};
/* End PBXSourcesBuildPhase section */

/* Begin PBXVariantGroup section */
		F37550BC283F90B00098F5A5 /* Main.storyboard */ = {
			isa = PBXVariantGroup;
			children = (
				F37550BD283F90B00098F5A5 /* Base */,
			);
			name = Main.storyboard;
			sourceTree = "<group>";
		};
		F37550C1283F90B00098F5A5 /* LaunchScreen.storyboard */ = {
			isa = PBXVariantGroup;
			children = (
				F37550C2283F90B00098F5A5 /* Base */,
			);
			name = LaunchScreen.storyboard;
			sourceTree = "<group>";
		};
/* End PBXVariantGroup section */

/* Begin XCBuildConfiguration section */
		F37550C5283F90B00098F5A5 /* Debug */ = {
			isa = XCBuildConfiguration;
			buildSettings = {
				ALWAYS_SEARCH_USER_PATHS = NO;
				CLANG_ANALYZER_NONNULL = YES;
				CLANG_ANALYZER_NUMBER_OBJECT_CONVERSION = YES_AGGRESSIVE;
				CLANG_CXX_LANGUAGE_STANDARD = "gnu++17";
				CLANG_ENABLE_MODULES = YES;
				CLANG_ENABLE_OBJC_ARC = YES;
				CLANG_ENABLE_OBJC_WEAK = YES;
				CLANG_WARN_BLOCK_CAPTURE_AUTORELEASING = YES;
				CLANG_WARN_BOOL_CONVERSION = YES;
				CLANG_WARN_COMMA = YES;
				CLANG_WARN_CONSTANT_CONVERSION = YES;
				CLANG_WARN_DEPRECATED_OBJC_IMPLEMENTATIONS = YES;
				CLANG_WARN_DIRECT_OBJC_ISA_USAGE = YES_ERROR;
				CLANG_WARN_DOCUMENTATION_COMMENTS = YES;
				CLANG_WARN_EMPTY_BODY = YES;
				CLANG_WARN_ENUM_CONVERSION = YES;
				CLANG_WARN_INFINITE_RECURSION = YES;
				CLANG_WARN_INT_CONVERSION = YES;
				CLANG_WARN_NON_LITERAL_NULL_CONVERSION = YES;
				CLANG_WARN_OBJC_IMPLICIT_RETAIN_SELF = YES;
				CLANG_WARN_OBJC_LITERAL_CONVERSION = YES;
				CLANG_WARN_OBJC_ROOT_CLASS = YES_ERROR;
				CLANG_WARN_QUOTED_INCLUDE_IN_FRAMEWORK_HEADER = YES;
				CLANG_WARN_RANGE_LOOP_ANALYSIS = YES;
				CLANG_WARN_STRICT_PROTOTYPES = YES;
				CLANG_WARN_SUSPICIOUS_MOVE = YES;
				CLANG_WARN_UNGUARDED_AVAILABILITY = YES_AGGRESSIVE;
				CLANG_WARN_UNREACHABLE_CODE = YES;
				CLANG_WARN__DUPLICATE_METHOD_MATCH = YES;
				COPY_PHASE_STRIP = NO;
				DEBUG_INFORMATION_FORMAT = dwarf;
				ENABLE_STRICT_OBJC_MSGSEND = YES;
				ENABLE_TESTABILITY = YES;
				GCC_C_LANGUAGE_STANDARD = gnu11;
				GCC_DYNAMIC_NO_PIC = NO;
				GCC_NO_COMMON_BLOCKS = YES;
				GCC_OPTIMIZATION_LEVEL = 0;
				GCC_PREPROCESSOR_DEFINITIONS = (
					"DEBUG=1",
					"$(inherited)",
				);
				GCC_WARN_64_TO_32_BIT_CONVERSION = YES;
				GCC_WARN_ABOUT_RETURN_TYPE = YES_ERROR;
				GCC_WARN_UNDECLARED_SELECTOR = YES;
				GCC_WARN_UNINITIALIZED_AUTOS = YES_AGGRESSIVE;
				GCC_WARN_UNUSED_FUNCTION = YES;
				GCC_WARN_UNUSED_VARIABLE = YES;
				IPHONEOS_DEPLOYMENT_TARGET = 15.5;
				MTL_ENABLE_DEBUG_INFO = INCLUDE_SOURCE;
				MTL_FAST_MATH = YES;
				ONLY_ACTIVE_ARCH = YES;
				SDKROOT = iphoneos;
				SWIFT_ACTIVE_COMPILATION_CONDITIONS = DEBUG;
				SWIFT_OPTIMIZATION_LEVEL = "-Onone";
			};
			name = Debug;
		};
		F37550C6283F90B00098F5A5 /* Release */ = {
			isa = XCBuildConfiguration;
			buildSettings = {
				ALWAYS_SEARCH_USER_PATHS = NO;
				CLANG_ANALYZER_NONNULL = YES;
				CLANG_ANALYZER_NUMBER_OBJECT_CONVERSION = YES_AGGRESSIVE;
				CLANG_CXX_LANGUAGE_STANDARD = "gnu++17";
				CLANG_ENABLE_MODULES = YES;
				CLANG_ENABLE_OBJC_ARC = YES;
				CLANG_ENABLE_OBJC_WEAK = YES;
				CLANG_WARN_BLOCK_CAPTURE_AUTORELEASING = YES;
				CLANG_WARN_BOOL_CONVERSION = YES;
				CLANG_WARN_COMMA = YES;
				CLANG_WARN_CONSTANT_CONVERSION = YES;
				CLANG_WARN_DEPRECATED_OBJC_IMPLEMENTATIONS = YES;
				CLANG_WARN_DIRECT_OBJC_ISA_USAGE = YES_ERROR;
				CLANG_WARN_DOCUMENTATION_COMMENTS = YES;
				CLANG_WARN_EMPTY_BODY = YES;
				CLANG_WARN_ENUM_CONVERSION = YES;
				CLANG_WARN_INFINITE_RECURSION = YES;
				CLANG_WARN_INT_CONVERSION = YES;
				CLANG_WARN_NON_LITERAL_NULL_CONVERSION = YES;
				CLANG_WARN_OBJC_IMPLICIT_RETAIN_SELF = YES;
				CLANG_WARN_OBJC_LITERAL_CONVERSION = YES;
				CLANG_WARN_OBJC_ROOT_CLASS = YES_ERROR;
				CLANG_WARN_QUOTED_INCLUDE_IN_FRAMEWORK_HEADER = YES;
				CLANG_WARN_RANGE_LOOP_ANALYSIS = YES;
				CLANG_WARN_STRICT_PROTOTYPES = YES;
				CLANG_WARN_SUSPICIOUS_MOVE = YES;
				CLANG_WARN_UNGUARDED_AVAILABILITY = YES_AGGRESSIVE;
				CLANG_WARN_UNREACHABLE_CODE = YES;
				CLANG_WARN__DUPLICATE_METHOD_MATCH = YES;
				COPY_PHASE_STRIP = NO;
				DEBUG_INFORMATION_FORMAT = "dwarf-with-dsym";
				ENABLE_NS_ASSERTIONS = NO;
				ENABLE_STRICT_OBJC_MSGSEND = YES;
				GCC_C_LANGUAGE_STANDARD = gnu11;
				GCC_NO_COMMON_BLOCKS = YES;
				GCC_WARN_64_TO_32_BIT_CONVERSION = YES;
				GCC_WARN_ABOUT_RETURN_TYPE = YES_ERROR;
				GCC_WARN_UNDECLARED_SELECTOR = YES;
				GCC_WARN_UNINITIALIZED_AUTOS = YES_AGGRESSIVE;
				GCC_WARN_UNUSED_FUNCTION = YES;
				GCC_WARN_UNUSED_VARIABLE = YES;
				IPHONEOS_DEPLOYMENT_TARGET = 15.5;
				MTL_ENABLE_DEBUG_INFO = NO;
				MTL_FAST_MATH = YES;
				SDKROOT = iphoneos;
				SWIFT_COMPILATION_MODE = wholemodule;
				SWIFT_OPTIMIZATION_LEVEL = "-O";
				VALIDATE_PRODUCT = YES;
			};
			name = Release;
		};
		F37550C8283F90B00098F5A5 /* Debug */ = {
			isa = XCBuildConfiguration;
			buildSettings = {
				ASSETCATALOG_COMPILER_APPICON_NAME = AppIcon;
				ASSETCATALOG_COMPILER_GLOBAL_ACCENT_COLOR_NAME = AccentColor;
				CODE_SIGN_STYLE = Automatic;
				CURRENT_PROJECT_VERSION = 1;
				DEVELOPMENT_TEAM = 9DSLGCL4J8;
				GENERATE_INFOPLIST_FILE = YES;
				INFOPLIST_FILE = AccessApp/Resources/Info.plist;
				INFOPLIST_KEY_UIApplicationSupportsIndirectInputEvents = YES;
				INFOPLIST_KEY_UILaunchStoryboardName = LaunchScreen;
				INFOPLIST_KEY_UIMainStoryboardFile = Main;
				INFOPLIST_KEY_UISupportedInterfaceOrientations_iPad = "UIInterfaceOrientationPortrait UIInterfaceOrientationPortraitUpsideDown UIInterfaceOrientationLandscapeLeft UIInterfaceOrientationLandscapeRight";
				INFOPLIST_KEY_UISupportedInterfaceOrientations_iPhone = "UIInterfaceOrientationPortrait UIInterfaceOrientationLandscapeLeft UIInterfaceOrientationLandscapeRight";
				LD_RUNPATH_SEARCH_PATHS = (
					"$(inherited)",
					"@executable_path/Frameworks",
				);
				MARKETING_VERSION = 1.0;
				PRODUCT_BUNDLE_IDENTIFIER = com.artyomguzenko.AccessApp;
				PRODUCT_NAME = "$(TARGET_NAME)";
				SWIFT_EMIT_LOC_STRINGS = YES;
				SWIFT_VERSION = 5.0;
				TARGETED_DEVICE_FAMILY = "1,2";
			};
			name = Debug;
		};
		F37550C9283F90B00098F5A5 /* Release */ = {
			isa = XCBuildConfiguration;
			buildSettings = {
				ASSETCATALOG_COMPILER_APPICON_NAME = AppIcon;
				ASSETCATALOG_COMPILER_GLOBAL_ACCENT_COLOR_NAME = AccentColor;
				CODE_SIGN_STYLE = Automatic;
				CURRENT_PROJECT_VERSION = 1;
				DEVELOPMENT_TEAM = 9DSLGCL4J8;
				GENERATE_INFOPLIST_FILE = YES;
				INFOPLIST_FILE = AccessApp/Resources/Info.plist;
				INFOPLIST_KEY_UIApplicationSupportsIndirectInputEvents = YES;
				INFOPLIST_KEY_UILaunchStoryboardName = LaunchScreen;
				INFOPLIST_KEY_UIMainStoryboardFile = Main;
				INFOPLIST_KEY_UISupportedInterfaceOrientations_iPad = "UIInterfaceOrientationPortrait UIInterfaceOrientationPortraitUpsideDown UIInterfaceOrientationLandscapeLeft UIInterfaceOrientationLandscapeRight";
				INFOPLIST_KEY_UISupportedInterfaceOrientations_iPhone = "UIInterfaceOrientationPortrait UIInterfaceOrientationLandscapeLeft UIInterfaceOrientationLandscapeRight";
				LD_RUNPATH_SEARCH_PATHS = (
					"$(inherited)",
					"@executable_path/Frameworks",
				);
				MARKETING_VERSION = 1.0;
				PRODUCT_BUNDLE_IDENTIFIER = com.artyomguzenko.AccessApp;
				PRODUCT_NAME = "$(TARGET_NAME)";
				SWIFT_EMIT_LOC_STRINGS = YES;
				SWIFT_VERSION = 5.0;
				TARGETED_DEVICE_FAMILY = "1,2";
			};
			name = Release;
		};
/* End XCBuildConfiguration section */

/* Begin XCConfigurationList section */
		F37550AE283F90AF0098F5A5 /* Build configuration list for PBXProject "AccessApp" */ = {
			isa = XCConfigurationList;
			buildConfigurations = (
				F37550C5283F90B00098F5A5 /* Debug */,
				F37550C6283F90B00098F5A5 /* Release */,
			);
			defaultConfigurationIsVisible = 0;
			defaultConfigurationName = Release;
		};
		F37550C7283F90B00098F5A5 /* Build configuration list for PBXNativeTarget "AccessApp" */ = {
			isa = XCConfigurationList;
			buildConfigurations = (
				F37550C8283F90B00098F5A5 /* Debug */,
				F37550C9283F90B00098F5A5 /* Release */,
			);
			defaultConfigurationIsVisible = 0;
			defaultConfigurationName = Release;
		};
/* End XCConfigurationList section */
	};
	rootObject = F37550AB283F90AF0098F5A5 /* Project object */;
}
